
Microsoft Visual Studio Solution File, Format Version 12.00
# Visual Studio Version 17
VisualStudioVersion = 17.4.33110.190
MinimumVisualStudioVersion = 10.0.40219.1
Project("{2150E333-8FDC-42A3-9474-1A3956D46DE8}") = "src", "src", "{49178D9B-E727-4880-9F3F-AE52E3E96CDD}"
EndProject
Project("{2150E333-8FDC-42A3-9474-1A3956D46DE8}") = "services", "services", "{405E1DB7-31D9-47FC-8858-FB532B051AFB}"
EndProject
Project("{2150E333-8FDC-42A3-9474-1A3956D46DE8}") = "web", "web", "{AC16A195-5900-40FA-A0EF-51EF5E7C9F42}"
EndProject
Project("{9A19103F-16F7-4668-BE54-9A1E7A4F7556}") = "CategoryAPI", "CategoryAPI\CategoryAPI.csproj", "{37ABC46D-D26B-4A36-95AA-5F5A9C463E37}"
EndProject
Project("{E53339B2-1760-4266-BCC7-CA923CBCF16C}") = "docker-compose", "docker-compose.dcproj", "{8823E2BC-3446-4A67-B3E3-DFD714F90310}"
EndProject
Global
	GlobalSection(SolutionConfigurationPlatforms) = preSolution
		Debug|Any CPU = Debug|Any CPU
		Release|Any CPU = Release|Any CPU
	EndGlobalSection
	GlobalSection(ProjectConfigurationPlatforms) = postSolution
		{37ABC46D-D26B-4A36-95AA-5F5A9C463E37}.Debug|Any CPU.ActiveCfg = Debug|Any CPU
		{37ABC46D-D26B-4A36-95AA-5F5A9C463E37}.Debug|Any CPU.Build.0 = Debug|Any CPU
		{37ABC46D-D26B-4A36-95AA-5F5A9C463E37}.Release|Any CPU.ActiveCfg = Release|Any CPU
		{37ABC46D-D26B-4A36-95AA-5F5A9C463E37}.Release|Any CPU.Build.0 = Release|Any CPU
		{8823E2BC-3446-4A67-B3E3-DFD714F90310}.Debug|Any CPU.ActiveCfg = Debug|Any CPU
		{8823E2BC-3446-4A67-B3E3-DFD714F90310}.Debug|Any CPU.Build.0 = Debug|Any CPU
		{8823E2BC-3446-4A67-B3E3-DFD714F90310}.Release|Any CPU.ActiveCfg = Release|Any CPU
		{8823E2BC-3446-4A67-B3E3-DFD714F90310}.Release|Any CPU.Build.0 = Release|Any CPU
	EndGlobalSection
	GlobalSection(SolutionProperties) = preSolution
		HideSolutionNode = FALSE
	EndGlobalSection
	GlobalSection(NestedProjects) = preSolution
		{405E1DB7-31D9-47FC-8858-FB532B051AFB} = {49178D9B-E727-4880-9F3F-AE52E3E96CDD}
		{AC16A195-5900-40FA-A0EF-51EF5E7C9F42} = {49178D9B-E727-4880-9F3F-AE52E3E96CDD}
		{37ABC46D-D26B-4A36-95AA-5F5A9C463E37} = {405E1DB7-31D9-47FC-8858-FB532B051AFB}
	EndGlobalSection
	GlobalSection(ExtensibilityGlobals) = postSolution
		SolutionGuid = {FE8E3EC4-5EDC-4C52-9DEC-BA5B3D839BB0}
	EndGlobalSection
EndGlobal
